
Microsoft Visual Studio Solution File, Format Version 12.00
# Visual Studio Version 16
VisualStudioVersion = 16.0.31410.357
MinimumVisualStudioVersion = 10.0.40219.1
Project("{FAE04EC0-301F-11D3-BF4B-00C04F79EFBC}") = "BS", "BS.csproj", "{EB2E3E01-F34A-4E88-B5E0-C6123069D04E}"
EndProject
Global
	GlobalSection(SolutionConfigurationPlatforms) = preSolution
		Debug|Any CPU = Debug|Any CPU
		Release|Any CPU = Release|Any CPU
	EndGlobalSection
	GlobalSection(ProjectConfigurationPlatforms) = postSolution
		{EB2E3E01-F34A-4E88-B5E0-C6123069D04E}.Debug|Any CPU.ActiveCfg = Debug|Any CPU
		{EB2E3E01-F34A-4E88-B5E0-C6123069D04E}.Debug|Any CPU.Build.0 = Debug|Any CPU
		{EB2E3E01-F34A-4E88-B5E0-C6123069D04E}.Release|Any CPU.ActiveCfg = Release|Any CPU
		{EB2E3E01-F34A-4E88-B5E0-C6123069D04E}.Release|Any CPU.Build.0 = Release|Any CPU
	EndGlobalSection
	GlobalSection(SolutionProperties) = preSolution
		HideSolutionNode = FALSE
	EndGlobalSection
	GlobalSection(ExtensibilityGlobals) = postSolution
		SolutionGuid = {876C6ECD-2A63-4567-A836-A42080171B8D}
	EndGlobalSection
EndGlobal
